// !$*UTF8*$!
{
	archiveVersion = 1;
	classes = {
	};
	objectVersion = 46;
	objects = {

/* Begin PBXBuildFile section */
		19F39C0E21BA635900C4F38E /* fcx_arrow@2x.png in Resources */ = {isa = PBXBuildFile; fileRef = 19F39C0621BA635900C4F38E /* fcx_arrow@2x.png */; };
		19F39C0F21BA635900C4F38E /* FCXRefreshFooterView.m in Sources */ = {isa = PBXBuildFile; fileRef = 19F39C0721BA635900C4F38E /* FCXRefreshFooterView.m */; };
		19F39C1021BA635900C4F38E /* UIScrollView+FCXRefresh.m in Sources */ = {isa = PBXBuildFile; fileRef = 19F39C0921BA635900C4F38E /* UIScrollView+FCXRefresh.m */; };
		19F39C1121BA635900C4F38E /* FCXRefreshHeaderView.m in Sources */ = {isa = PBXBuildFile; fileRef = 19F39C0A21BA635900C4F38E /* FCXRefreshHeaderView.m */; };
		19F39C1221BA635900C4F38E /* FCXRefreshBaseView.m in Sources */ = {isa = PBXBuildFile; fileRef = 19F39C0C21BA635900C4F38E /* FCXRefreshBaseView.m */; };
		19F39C1521BA63DD00C4F38E /* FCXRefreshDotAnimationHeaderView.m in Sources */ = {isa = PBXBuildFile; fileRef = 19F39C1421BA63DD00C4F38E /* FCXRefreshDotAnimationHeaderView.m */; };
		8A85F7E81F05DCDA007425A7 /* main.m in Sources */ = {isa = PBXBuildFile; fileRef = 8A85F7E71F05DCDA007425A7 /* main.m */; };
		8A85F7EB1F05DCDA007425A7 /* AppDelegate.m in Sources */ = {isa = PBXBuildFile; fileRef = 8A85F7EA1F05DCDA007425A7 /* AppDelegate.m */; };
		8A85F7F11F05DCDA007425A7 /* Main.storyboard in Resources */ = {isa = PBXBuildFile; fileRef = 8A85F7EF1F05DCDA007425A7 /* Main.storyboard */; };
		8A85F7F31F05DCDA007425A7 /* Assets.xcassets in Resources */ = {isa = PBXBuildFile; fileRef = 8A85F7F21F05DCDA007425A7 /* Assets.xcassets */; };
		8A85F7F61F05DCDA007425A7 /* LaunchScreen.storyboard in Resources */ = {isa = PBXBuildFile; fileRef = 8A85F7F41F05DCDA007425A7 /* LaunchScreen.storyboard */; };
		8A85F7FF1F064946007425A7 /* RefreshTableViewController.m in Sources */ = {isa = PBXBuildFile; fileRef = 8A85F7FE1F064946007425A7 /* RefreshTableViewController.m */; };
		8A85F8021F064963007425A7 /* TableViewController.m in Sources */ = {isa = PBXBuildFile; fileRef = 8A85F8011F064963007425A7 /* TableViewController.m */; };
/* End PBXBuildFile section */

/* Begin PBXFileReference section */
		19F39C0521BA635900C4F38E /* FCXRefreshHeaderView.h */ = {isa = PBXFileReference; fileEncoding = 4; lastKnownFileType = sourcecode.c.h; path = FCXRefreshHeaderView.h; sourceTree = "<group>"; };
		19F39C0621BA635900C4F38E /* fcx_arrow@2x.png */ = {isa = PBXFileReference; lastKnownFileType = image.png; path = "fcx_arrow@2x.png"; sourceTree = "<group>"; };
		19F39C0721BA635900C4F38E /* FCXRefreshFooterView.m */ = {isa = PBXFileReference; fileEncoding = 4; lastKnownFileType = sourcecode.c.objc; path = FCXRefreshFooterView.m; sourceTree = "<group>"; };
		19F39C0821BA635900C4F38E /* FCXRefreshBaseView.h */ = {isa = PBXFileReference; fileEncoding = 4; lastKnownFileType = sourcecode.c.h; path = FCXRefreshBaseView.h; sourceTree = "<group>"; };
		19F39C0921BA635900C4F38E /* UIScrollView+FCXRefresh.m */ = {isa = PBXFileReference; fileEncoding = 4; lastKnownFileType = sourcecode.c.objc; path = "UIScrollView+FCXRefresh.m"; sourceTree = "<group>"; };
		19F39C0A21BA635900C4F38E /* FCXRefreshHeaderView.m */ = {isa = PBXFileReference; fileEncoding = 4; lastKnownFileType = sourcecode.c.objc; path = FCXRefreshHeaderView.m; sourceTree = "<group>"; };
		19F39C0B21BA635900C4F38E /* FCXRefreshFooterView.h */ = {isa = PBXFileReference; fileEncoding = 4; lastKnownFileType = sourcecode.c.h; path = FCXRefreshFooterView.h; sourceTree = "<group>"; };
		19F39C0C21BA635900C4F38E /* FCXRefreshBaseView.m */ = {isa = PBXFileReference; fileEncoding = 4; lastKnownFileType = sourcecode.c.objc; path = FCXRefreshBaseView.m; sourceTree = "<group>"; };
		19F39C0D21BA635900C4F38E /* UIScrollView+FCXRefresh.h */ = {isa = PBXFileReference; fileEncoding = 4; lastKnownFileType = sourcecode.c.h; path = "UIScrollView+FCXRefresh.h"; sourceTree = "<group>"; };
		19F39C1321BA63DD00C4F38E /* FCXRefreshDotAnimationHeaderView.h */ = {isa = PBXFileReference; fileEncoding = 4; lastKnownFileType = sourcecode.c.h; path = FCXRefreshDotAnimationHeaderView.h; sourceTree = "<group>"; };
		19F39C1421BA63DD00C4F38E /* FCXRefreshDotAnimationHeaderView.m */ = {isa = PBXFileReference; fileEncoding = 4; lastKnownFileType = sourcecode.c.objc; path = FCXRefreshDotAnimationHeaderView.m; sourceTree = "<group>"; };
		8A85F7E31F05DCDA007425A7 /* FCXRefreshDemo.app */ = {isa = PBXFileReference; explicitFileType = wrapper.application; includeInIndex = 0; path = FCXRefreshDemo.app; sourceTree = BUILT_PRODUCTS_DIR; };
		8A85F7E71F05DCDA007425A7 /* main.m */ = {isa = PBXFileReference; lastKnownFileType = sourcecode.c.objc; path = main.m; sourceTree = "<group>"; };
		8A85F7E91F05DCDA007425A7 /* AppDelegate.h */ = {isa = PBXFileReference; lastKnownFileType = sourcecode.c.h; path = AppDelegate.h; sourceTree = "<group>"; };
		8A85F7EA1F05DCDA007425A7 /* AppDelegate.m */ = {isa = PBXFileReference; lastKnownFileType = sourcecode.c.objc; path = AppDelegate.m; sourceTree = "<group>"; };
		8A85F7F01F05DCDA007425A7 /* Base */ = {isa = PBXFileReference; lastKnownFileType = file.storyboard; name = Base; path = Base.lproj/Main.storyboard; sourceTree = "<group>"; };
		8A85F7F21F05DCDA007425A7 /* Assets.xcassets */ = {isa = PBXFileReference; lastKnownFileType = folder.assetcatalog; path = Assets.xcassets; sourceTree = "<group>"; };
		8A85F7F51F05DCDA007425A7 /* Base */ = {isa = PBXFileReference; lastKnownFileType = file.storyboard; name = Base; path = Base.lproj/LaunchScreen.storyboard; sourceTree = "<group>"; };
		8A85F7F71F05DCDA007425A7 /* Info.plist */ = {isa = PBXFileReference; lastKnownFileType = text.plist.xml; path = Info.plist; sourceTree = "<group>"; };
		8A85F7FD1F064946007425A7 /* RefreshTableViewController.h */ = {isa = PBXFileReference; fileEncoding = 4; lastKnownFileType = sourcecode.c.h; path = RefreshTableViewController.h; sourceTree = "<group>"; };
		8A85F7FE1F064946007425A7 /* RefreshTableViewController.m */ = {isa = PBXFileReference; fileEncoding = 4; lastKnownFileType = sourcecode.c.objc; path = RefreshTableViewController.m; sourceTree = "<group>"; };
		8A85F8001F064963007425A7 /* TableViewController.h */ = {isa = PBXFileReference; fileEncoding = 4; lastKnownFileType = sourcecode.c.h; path = TableViewController.h; sourceTree = "<group>"; };
		8A85F8011F064963007425A7 /* TableViewController.m */ = {isa = PBXFileReference; fileEncoding = 4; lastKnownFileType = sourcecode.c.objc; path = TableViewController.m; sourceTree = "<group>"; };
/* End PBXFileReference section */

/* Begin PBXFrameworksBuildPhase section */
		8A85F7E01F05DCDA007425A7 /* Frameworks */ = {
			isa = PBXFrameworksBuildPhase;
			buildActionMask = 2147483647;
			files = (
			);
			runOnlyForDeploymentPostprocessing = 0;
		};
/* End PBXFrameworksBuildPhase section */

/* Begin PBXGroup section */
		19F39C0421BA635900C4F38E /* FCXRefresh */ = {
			isa = PBXGroup;
			children = (
				19F39C0621BA635900C4F38E /* fcx_arrow@2x.png */,
				19F39C0821BA635900C4F38E /* FCXRefreshBaseView.h */,
				19F39C0C21BA635900C4F38E /* FCXRefreshBaseView.m */,
				19F39C0B21BA635900C4F38E /* FCXRefreshFooterView.h */,
				19F39C0721BA635900C4F38E /* FCXRefreshFooterView.m */,
				19F39C0521BA635900C4F38E /* FCXRefreshHeaderView.h */,
				19F39C0A21BA635900C4F38E /* FCXRefreshHeaderView.m */,
				19F39C1321BA63DD00C4F38E /* FCXRefreshDotAnimationHeaderView.h */,
				19F39C1421BA63DD00C4F38E /* FCXRefreshDotAnimationHeaderView.m */,
				19F39C0D21BA635900C4F38E /* UIScrollView+FCXRefresh.h */,
				19F39C0921BA635900C4F38E /* UIScrollView+FCXRefresh.m */,
			);
			name = FCXRefresh;
			path = ../../FCXRefresh;
			sourceTree = "<group>";
		};
		8A85F7DA1F05DCDA007425A7 = {
			isa = PBXGroup;
			children = (
				8A85F7E51F05DCDA007425A7 /* FCXRefreshDemo */,
				8A85F7E41F05DCDA007425A7 /* Products */,
				EA6C8EAED18EFDCCC5FC7697 /* Frameworks */,
			);
			sourceTree = "<group>";
		};
		8A85F7E41F05DCDA007425A7 /* Products */ = {
			isa = PBXGroup;
			children = (
				8A85F7E31F05DCDA007425A7 /* FCXRefreshDemo.app */,
			);
			name = Products;
			sourceTree = "<group>";
		};
		8A85F7E51F05DCDA007425A7 /* FCXRefreshDemo */ = {
			isa = PBXGroup;
			children = (
				19F39C0421BA635900C4F38E /* FCXRefresh */,
				8A85F7E91F05DCDA007425A7 /* AppDelegate.h */,
				8A85F7EA1F05DCDA007425A7 /* AppDelegate.m */,
				8A85F8001F064963007425A7 /* TableViewController.h */,
				8A85F8011F064963007425A7 /* TableViewController.m */,
				8A85F7FD1F064946007425A7 /* RefreshTableViewController.h */,
				8A85F7FE1F064946007425A7 /* RefreshTableViewController.m */,
				8A85F7EF1F05DCDA007425A7 /* Main.storyboard */,
				8A85F7F21F05DCDA007425A7 /* Assets.xcassets */,
				8A85F7F41F05DCDA007425A7 /* LaunchScreen.storyboard */,
				8A85F7F71F05DCDA007425A7 /* Info.plist */,
				8A85F7E61F05DCDA007425A7 /* Supporting Files */,
			);
			path = FCXRefreshDemo;
			sourceTree = "<group>";
		};
		8A85F7E61F05DCDA007425A7 /* Supporting Files */ = {
			isa = PBXGroup;
			children = (
				8A85F7E71F05DCDA007425A7 /* main.m */,
			);
			name = "Supporting Files";
			sourceTree = "<group>";
		};
		EA6C8EAED18EFDCCC5FC7697 /* Frameworks */ = {
			isa = PBXGroup;
			children = (
			);
			name = Frameworks;
			sourceTree = "<group>";
		};
/* End PBXGroup section */

/* Begin PBXNativeTarget section */
		8A85F7E21F05DCDA007425A7 /* FCXRefreshDemo */ = {
			isa = PBXNativeTarget;
			buildConfigurationList = 8A85F7FA1F05DCDA007425A7 /* Build configuration list for PBXNativeTarget "FCXRefreshDemo" */;
			buildPhases = (
				8A85F7DF1F05DCDA007425A7 /* Sources */,
				8A85F7E01F05DCDA007425A7 /* Frameworks */,
				8A85F7E11F05DCDA007425A7 /* Resources */,
			);
			buildRules = (
			);
			dependencies = (
			);
			name = FCXRefreshDemo;
			productName = FCXRefreshDemo;
			productReference = 8A85F7E31F05DCDA007425A7 /* FCXRefreshDemo.app */;
			productType = "com.apple.product-type.application";
		};
/* End PBXNativeTarget section */

/* Begin PBXProject section */
		8A85F7DB1F05DCDA007425A7 /* Project object */ = {
			isa = PBXProject;
			attributes = {
				LastUpgradeCheck = 0830;
				ORGANIZATIONNAME = "冯 传祥";
				TargetAttributes = {
					8A85F7E21F05DCDA007425A7 = {
						CreatedOnToolsVersion = 8.3.3;
						DevelopmentTeam = V5S25J9BX6;
						ProvisioningStyle = Automatic;
					};
				};
			};
			buildConfigurationList = 8A85F7DE1F05DCDA007425A7 /* Build configuration list for PBXProject "FCXRefreshDemo" */;
			compatibilityVersion = "Xcode 3.2";
			developmentRegion = English;
			hasScannedForEncodings = 0;
			knownRegions = (
				en,
				Base,
			);
			mainGroup = 8A85F7DA1F05DCDA007425A7;
			productRefGroup = 8A85F7E41F05DCDA007425A7 /* Products */;
			projectDirPath = "";
			projectRoot = "";
			targets = (
				8A85F7E21F05DCDA007425A7 /* FCXRefreshDemo */,
			);
		};
/* End PBXProject section */

/* Begin PBXResourcesBuildPhase section */
		8A85F7E11F05DCDA007425A7 /* Resources */ = {
			isa = PBXResourcesBuildPhase;
			buildActionMask = 2147483647;
			files = (
				19F39C0E21BA635900C4F38E /* fcx_arrow@2x.png in Resources */,
				8A85F7F61F05DCDA007425A7 /* LaunchScreen.storyboard in Resources */,
				8A85F7F31F05DCDA007425A7 /* Assets.xcassets in Resources */,
				8A85F7F11F05DCDA007425A7 /* Main.storyboard in Resources */,
			);
			runOnlyForDeploymentPostprocessing = 0;
		};
/* End PBXResourcesBuildPhase section */

/* Begin PBXSourcesBuildPhase section */
		8A85F7DF1F05DCDA007425A7 /* Sources */ = {
			isa = PBXSourcesBuildPhase;
			buildActionMask = 2147483647;
			files = (
				19F39C1521BA63DD00C4F38E /* FCXRefreshDotAnimationHeaderView.m in Sources */,
				8A85F7FF1F064946007425A7 /* RefreshTableViewController.m in Sources */,
				8A85F7EB1F05DCDA007425A7 /* AppDelegate.m in Sources */,
				19F39C1121BA635900C4F38E /* FCXRefreshHeaderView.m in Sources */,
				8A85F8021F064963007425A7 /* TableViewController.m in Sources */,
				19F39C0F21BA635900C4F38E /* FCXRefreshFooterView.m in Sources */,
				19F39C1221BA635900C4F38E /* FCXRefreshBaseView.m in Sources */,
				8A85F7E81F05DCDA007425A7 /* main.m in Sources */,
				19F39C1021BA635900C4F38E /* UIScrollView+FCXRefresh.m in Sources */,
			);
			runOnlyForDeploymentPostprocessing = 0;
		};
/* End PBXSourcesBuildPhase section */

/* Begin PBXVariantGroup section */
		8A85F7EF1F05DCDA007425A7 /* Main.storyboard */ = {
			isa = PBXVariantGroup;
			children = (
				8A85F7F01F05DCDA007425A7 /* Base */,
			);
			name = Main.storyboard;
			sourceTree = "<group>";
		};
		8A85F7F41F05DCDA007425A7 /* LaunchScreen.storyboard */ = {
			isa = PBXVariantGroup;
			children = (
				8A85F7F51F05DCDA007425A7 /* Base */,
			);
			name = LaunchScreen.storyboard;
			sourceTree = "<group>";
		};
/* End PBXVariantGroup section */

/* Begin XCBuildConfiguration section */
		8A85F7F81F05DCDA007425A7 /* Debug */ = {
			isa = XCBuildConfiguration;
			buildSettings = {
				ALWAYS_SEARCH_USER_PATHS = NO;
				CLANG_ANALYZER_NONNULL = YES;
				CLANG_ANALYZER_NUMBER_OBJECT_CONVERSION = YES_AGGRESSIVE;
				CLANG_CXX_LANGUAGE_STANDARD = "gnu++0x";
				CLANG_CXX_LIBRARY = "libc++";
				CLANG_ENABLE_MODULES = YES;
				CLANG_ENABLE_OBJC_ARC = YES;
				CLANG_WARN_BOOL_CONVERSION = YES;
				CLANG_WARN_CONSTANT_CONVERSION = YES;
				CLANG_WARN_DIRECT_OBJC_ISA_USAGE = YES_ERROR;
				CLANG_WARN_DOCUMENTATION_COMMENTS = YES;
				CLANG_WARN_EMPTY_BODY = YES;
				CLANG_WARN_ENUM_CONVERSION = YES;
				CLANG_WARN_INFINITE_RECURSION = YES;
				CLANG_WARN_INT_CONVERSION = YES;
				CLANG_WARN_OBJC_ROOT_CLASS = YES_ERROR;
				CLANG_WARN_SUSPICIOUS_MOVE = YES;
				CLANG_WARN_UNREACHABLE_CODE = YES;
				CLANG_WARN__DUPLICATE_METHOD_MATCH = YES;
				"CODE_SIGN_IDENTITY[sdk=iphoneos*]" = "iPhone Developer";
				COPY_PHASE_STRIP = NO;
				DEBUG_INFORMATION_FORMAT = dwarf;
				ENABLE_STRICT_OBJC_MSGSEND = YES;
				ENABLE_TESTABILITY = YES;
				GCC_C_LANGUAGE_STANDARD = gnu99;
				GCC_DYNAMIC_NO_PIC = NO;
				GCC_NO_COMMON_BLOCKS = YES;
				GCC_OPTIMIZATION_LEVEL = 0;
				GCC_PREPROCESSOR_DEFINITIONS = (
					"DEBUG=1",
					"$(inherited)",
				);
				GCC_WARN_64_TO_32_BIT_CONVERSION = YES;
				GCC_WARN_ABOUT_RETURN_TYPE = YES_ERROR;
				GCC_WARN_UNDECLARED_SELECTOR = YES;
				GCC_WARN_UNINITIALIZED_AUTOS = YES_AGGRESSIVE;
				GCC_WARN_UNUSED_FUNCTION = YES;
				GCC_WARN_UNUSED_VARIABLE = YES;
				IPHONEOS_DEPLOYMENT_TARGET = 8.0;
				MTL_ENABLE_DEBUG_INFO = YES;
				ONLY_ACTIVE_ARCH = YES;
				SDKROOT = iphoneos;
			};
			name = Debug;
		};
		8A85F7F91F05DCDA007425A7 /* Release */ = {
			isa = XCBuildConfiguration;
			buildSettings = {
				ALWAYS_SEARCH_USER_PATHS = NO;
				CLANG_ANALYZER_NONNULL = YES;
				CLANG_ANALYZER_NUMBER_OBJECT_CONVERSION = YES_AGGRESSIVE;
				CLANG_CXX_LANGUAGE_STANDARD = "gnu++0x";
				CLANG_CXX_LIBRARY = "libc++";
				CLANG_ENABLE_MODULES = YES;
				CLANG_ENABLE_OBJC_ARC = YES;
				CLANG_WARN_BOOL_CONVERSION = YES;
				CLANG_WARN_CONSTANT_CONVERSION = YES;
				CLANG_WARN_DIRECT_OBJC_ISA_USAGE = YES_ERROR;
				CLANG_WARN_DOCUMENTATION_COMMENTS = YES;
				CLANG_WARN_EMPTY_BODY = YES;
				CLANG_WARN_ENUM_CONVERSION = YES;
				CLANG_WARN_INFINITE_RECURSION = YES;
				CLANG_WARN_INT_CONVERSION = YES;
				CLANG_WARN_OBJC_ROOT_CLASS = YES_ERROR;
				CLANG_WARN_SUSPICIOUS_MOVE = YES;
				CLANG_WARN_UNREACHABLE_CODE = YES;
				CLANG_WARN__DUPLICATE_METHOD_MATCH = YES;
				"CODE_SIGN_IDENTITY[sdk=iphoneos*]" = "iPhone Developer";
				COPY_PHASE_STRIP = NO;
				DEBUG_INFORMATION_FORMAT = "dwarf-with-dsym";
				ENABLE_NS_ASSERTIONS = NO;
				ENABLE_STRICT_OBJC_MSGSEND = YES;
				GCC_C_LANGUAGE_STANDARD = gnu99;
				GCC_NO_COMMON_BLOCKS = YES;
				GCC_WARN_64_TO_32_BIT_CONVERSION = YES;
				GCC_WARN_ABOUT_RETURN_TYPE = YES_ERROR;
				GCC_WARN_UNDECLARED_SELECTOR = YES;
				GCC_WARN_UNINITIALIZED_AUTOS = YES_AGGRESSIVE;
				GCC_WARN_UNUSED_FUNCTION = YES;
				GCC_WARN_UNUSED_VARIABLE = YES;
				IPHONEOS_DEPLOYMENT_TARGET = 8.0;
				MTL_ENABLE_DEBUG_INFO = NO;
				SDKROOT = iphoneos;
				VALIDATE_PRODUCT = YES;
			};
			name = Release;
		};
		8A85F7FB1F05DCDA007425A7 /* Debug */ = {
			isa = XCBuildConfiguration;
			buildSettings = {
				ASSETCATALOG_COMPILER_APPICON_NAME = AppIcon;
				CLANG_OPTIMIZATION_PROFILE_FILE = "";
				DEVELOPMENT_TEAM = V5S25J9BX6;
				INFOPLIST_FILE = FCXRefreshDemo/Info.plist;
				IPHONEOS_DEPLOYMENT_TARGET = 8.0;
				LD_RUNPATH_SEARCH_PATHS = "$(inherited) @executable_path/Frameworks";
				PRODUCT_BUNDLE_IDENTIFIER = com.shark.FCXRefreshDemo;
				PRODUCT_NAME = "$(TARGET_NAME)";
			};
			name = Debug;
		};
		8A85F7FC1F05DCDA007425A7 /* Release */ = {
			isa = XCBuildConfiguration;
			buildSettings = {
				ASSETCATALOG_COMPILER_APPICON_NAME = AppIcon;
				CLANG_OPTIMIZATION_PROFILE_FILE = "";
				DEVELOPMENT_TEAM = V5S25J9BX6;
				INFOPLIST_FILE = FCXRefreshDemo/Info.plist;
				IPHONEOS_DEPLOYMENT_TARGET = 8.0;
				LD_RUNPATH_SEARCH_PATHS = "$(inherited) @executable_path/Frameworks";
				PRODUCT_BUNDLE_IDENTIFIER = com.shark.FCXRefreshDemo;
				PRODUCT_NAME = "$(TARGET_NAME)";
			};
			name = Release;
		};
/* End XCBuildConfiguration section */

/* Begin XCConfigurationList section */
		8A85F7DE1F05DCDA007425A7 /* Build configuration list for PBXProject "FCXRefreshDemo" */ = {
			isa = XCConfigurationList;
			buildConfigurations = (
				8A85F7F81F05DCDA007425A7 /* Debug */,
				8A85F7F91F05DCDA007425A7 /* Release */,
			);
			defaultConfigurationIsVisible = 0;
			defaultConfigurationName = Release;
		};
		8A85F7FA1F05DCDA007425A7 /* Build configuration list for PBXNativeTarget "FCXRefreshDemo" */ = {
			isa = XCConfigurationList;
			buildConfigurations = (
				8A85F7FB1F05DCDA007425A7 /* Debug */,
				8A85F7FC1F05DCDA007425A7 /* Release */,
			);
			defaultConfigurationIsVisible = 0;
			defaultConfigurationName = Release;
		};
/* End XCConfigurationList section */
	};
	rootObject = 8A85F7DB1F05DCDA007425A7 /* Project object */;
}
